version = 1
revision = 3
requires-python = ">=3.11"

[[package]]
name = "atmos"
version = "0.1.0"
source = { editable = "." }
dependencies = [
    { name = "numba" },
    { name = "numpy" },
]

[package.metadata]
requires-dist = [
    { name = "numba", specifier = ">=0.65.1" },
    { name = "numpy", specifier = ">=2.4.6" },
]

[[package]]
name = "llvmlite"
version = "0.47.0"
source = { registry = "https://pypi.org/simple" }
sdist = { url = "https://files.pythonhosted.org/packages/01/88/a8952b6d5c21e74cbf158515b779666f692846502623e9e3c39d8e8ba25f/llvmlite-0.47.0.tar.gz", hash = "sha256:62031ce968ec74e95092184d4b0e857e444f8fdff0b8f9213707699570c33ccc", size = 193614, upload-time = "2026-03-31T18:29:53.497Z" }
wheels = [
    { url = "https://files.pythonhosted.org/packages/34/0b/b9d1911cfefa61399821dfb37f486d83e0f42630a8d12f7194270c417002/llvmlite-0.47.0-cp311-cp311-macosx_11_0_arm64.whl", hash = "sha256:74090f0dcfd6f24ebbef3f21f11e38111c4d7e6919b54c4416e1e357c3446b07", size = 37232770, upload-time = "2026-03-31T18:28:26.765Z" },
    { url = "https://files.pythonhosted.org/packages/46/27/5799b020e4cdfb25a7c951c06a96397c135efcdc21b78d853bbd9c814c7d/llvmlite-0.47.0-cp311-cp311-manylinux2014_x86_64.manylinux_2_17_x86_64.whl", hash = "sha256:ca14f02e29134e837982497959a8e2193d6035235de1cb41a9cb2bd6da4eedbb", size = 56275177, upload-time = "2026-03-31T18:28:31.01Z" },
    { url = "https://files.pythonhosted.org/packages/7e/51/48a53fedf01cb1f3f43ef200be17ebf83c8d9a04018d3783c1a226c342c2/llvmlite-0.47.0-cp311-cp311-manylinux_2_27_aarch64.manylinux_2_28_aarch64.whl", hash = "sha256:12a69d4bb05f402f30477e21eeabe81911e7c251cecb192bed82cd83c9db10d8", size = 55128631, upload-time = "2026-03-31T18:28:36.046Z" },
    { url = "https://files.pythonhosted.org/packages/a2/50/59227d06bdc96e23322713c381af4e77420949d8cd8a042c79e0043096cc/llvmlite-0.47.0-cp311-cp311-win_amd64.whl", hash = "sha256:c37d6eb7aaabfa83ab9c2ff5b5cdb95a5e6830403937b2c588b7490724e05327", size = 38138400, upload-time = "2026-03-31T18:28:40.076Z" },
    { url = "https://files.pythonhosted.org/packages/fa/48/4b7fe0e34c169fa2f12532916133e0b219d2823b540733651b34fdac509a/llvmlite-0.47.0-cp312-cp312-macosx_11_0_arm64.whl", hash = "sha256:306a265f408c259067257a732c8e159284334018b4083a9e35f67d19792b164f", size = 37232769, upload-time = "2026-03-31T18:28:43.735Z" },
    { url = "https://files.pythonhosted.org/packages/e6/4b/e3f2cd17822cf772a4a51a0a8080b0032e6d37b2dbe8cfb724eac4e31c52/llvmlite-0.47.0-cp312-cp312-manylinux2014_x86_64.manylinux_2_17_x86_64.whl", hash = "sha256:5853bf26160857c0c2573415ff4efe01c4c651e59e2c55c2a088740acfee51cd", size = 56275178, upload-time = "2026-03-31T18:28:48.342Z" },
    { url = "https://files.pythonhosted.org/packages/b6/55/a3b4a543185305a9bdf3d9759d53646ed96e55e7dfd43f53e7a421b8fbae/llvmlite-0.47.0-cp312-cp312-manylinux_2_27_aarch64.manylinux_2_28_aarch64.whl", hash = "sha256:003bcf7fa579e14db59c1a1e113f93ab8a06b56a4be31c7f08264d1d4072d077", size = 55128632, upload-time = "2026-03-31T18:28:52.901Z" },
    { url = "https://files.pythonhosted.org/packages/2f/f5/d281ae0f79378a5a91f308ea9fdb9f9cc068fddd09629edc0725a5a8fde1/llvmlite-0.47.0-cp312-cp312-win_amd64.whl", hash = "sha256:f3079f25bdc24cd9d27c4b2b5e68f5f60c4fdb7e8ad5ee2b9b006007558f9df7", size = 38138692, upload-time = "2026-03-31T18:28:57.147Z" },
    { url = "https://files.pythonhosted.org/packages/77/6f/4615353e016799f80fa52ccb270a843c413b22361fadda2589b2922fb9b0/llvmlite-0.47.0-cp313-cp313-macosx_12_0_arm64.whl", hash = "sha256:a3c6a735d4e1041808434f9d440faa3d78d9b4af2ee64d05a66f351883b6ceec", size = 37232771, upload-time = "2026-03-31T18:29:01.324Z" },
    { url = "https://files.pythonhosted.org/packages/31/b8/69f5565f1a280d032525878a86511eebed0645818492feeb169dfb20ae8e/llvmlite-0.47.0-cp313-cp313-manylinux2014_x86_64.manylinux_2_17_x86_64.whl", hash = "sha256:2699a74321189e812d476a43d6d7f652f51811e7b5aad9d9bba842a1c7927acb", size = 56275178, upload-time = "2026-03-31T18:29:05.748Z" },
    { url = "https://files.pythonhosted.org/packages/d6/da/b32cafcb926fb0ce2aa25553bf32cb8764af31438f40e2481df08884c947/llvmlite-0.47.0-cp313-cp313-manylinux_2_27_aarch64.manylinux_2_28_aarch64.whl", hash = "sha256:6c6951e2b29930227963e53ee152441f0e14be92e9d4231852102d986c761e40", size = 55128632, upload-time = "2026-03-31T18:29:11.235Z" },
    { url = "https://files.pythonhosted.org/packages/46/9f/4898b44e4042c60fafcb1162dfb7014f6f15b1ec19bf29cfea6bf26df90d/llvmlite-0.47.0-cp313-cp313-win_amd64.whl", hash = "sha256:c2e9adf8698d813a9a5efb2d4370caf344dbc1e145019851fee6a6f319ba760e", size = 38138695, upload-time = "2026-03-31T18:29:15.43Z" },
    { url = "https://files.pythonhosted.org/packages/1c/d4/33c8af00f0bf6f552d74f3a054f648af2c5bc6bece97972f3bfadce4f5ec/llvmlite-0.47.0-cp314-cp314-macosx_12_0_arm64.whl", hash = "sha256:de966c626c35c9dff5ae7bf12db25637738d0df83fc370cf793bc94d43d92d14", size = 37232773, upload-time = "2026-03-31T18:29:19.453Z" },
    { url = "https://files.pythonhosted.org/packages/64/1d/a760e993e0c0ba6db38d46b9f48f6c7dceb8ac838824997fb9e25f97bc04/llvmlite-0.47.0-cp314-cp314-manylinux2014_x86_64.manylinux_2_17_x86_64.whl", hash = "sha256:ddbccff2aeaff8670368340a158abefc032fe9b3ccf7d9c496639263d00151aa", size = 56275176, upload-time = "2026-03-31T18:29:24.149Z" },
    { url = "https://files.pythonhosted.org/packages/84/3b/e679bc3b29127182a7f4aa2d2e9e5bea42adb93fb840484147d59c236299/llvmlite-0.47.0-cp314-cp314-manylinux_2_27_aarch64.manylinux_2_28_aarch64.whl", hash = "sha256:d4a7b778a2e144fc64468fb9bf509ac1226c9813a00b4d7afea5d988c4e22fca", size = 55128631, upload-time = "2026-03-31T18:29:29.536Z" },
    { url = "https://files.pythonhosted.org/packages/be/f7/19e2a09c62809c9e63bbd14ce71fb92c6ff7b7b3045741bb00c781efc3c9/llvmlite-0.47.0-cp314-cp314-win_amd64.whl", hash = "sha256:694e3c2cdc472ed2bd8bd4555ca002eec4310961dd58ef791d508f57b5cc4c94", size = 39153826, upload-time = "2026-03-31T18:29:33.681Z" },
    { url = "https://files.pythonhosted.org/packages/40/a1/581a8c707b5e80efdbbe1dd94527404d33fe50bceb71f39d5a7e11bd57b7/llvmlite-0.47.0-cp314-cp314t-macosx_12_0_arm64.whl", hash = "sha256:92ec8a169a20b473c1c54d4695e371bde36489fc1efa3688e11e99beba0abf9c", size = 37232772, upload-time = "2026-03-31T18:29:37.952Z" },
    { url = "https://files.pythonhosted.org/packages/11/03/16090dd6f74ba2b8b922276047f15962fbeea0a75d5601607edb301ba945/llvmlite-0.47.0-cp314-cp314t-manylinux2014_x86_64.manylinux_2_17_x86_64.whl", hash = "sha256:fa1cbd800edd3b20bc141521f7fd45a6185a5b84109aa6855134e81397ffe72b", size = 56275178, upload-time = "2026-03-31T18:29:42.58Z" },
    { url = "https://files.pythonhosted.org/packages/f5/cb/0abf1dd4c5286a95ffe0c1d8c67aec06b515894a0dd2ac97f5e27b82ab0b/llvmlite-0.47.0-cp314-cp314t-manylinux_2_27_aarch64.manylinux_2_28_aarch64.whl", hash = "sha256:f6725179b89f03b17dabe236ff3422cb8291b4c1bf40af152826dfd34e350ae8", size = 55128632, upload-time = "2026-03-31T18:29:46.939Z" },
    { url = "https://files.pythonhosted.org/packages/4f/79/d3bbab197e86e0ff4f9c07122895b66a3e0d024247fcff7f12c473cb36d9/llvmlite-0.47.0-cp314-cp314t-win_amd64.whl", hash = "sha256:6842cf6f707ec4be3d985a385ad03f72b2d724439e118fcbe99b2929964f0453", size = 39153839, upload-time = "2026-03-31T18:29:51.004Z" },
]

[[package]]
name = "numba"
version = "0.65.1"
source = { registry = "https://pypi.org/simple" }
dependencies = [
    { name = "llvmlite" },
    { name = "numpy" },
]
sdist = { url = "https://files.pythonhosted.org/packages/f6/c5/db2ac3685833d626c0dcae6bd2330cd68433e1fd248d15f70998160d3ad7/numba-0.65.1.tar.gz", hash = "sha256:19357146c32fe9ed25059ab915e8465fb13951cf6b0aace3826b76886373ab23", size = 2765600, upload-time = "2026-04-24T02:02:56.551Z" }
wheels = [
    { url = "https://files.pythonhosted.org/packages/96/b3/650500c2eab4534d98e9166f4298e0f3c69c742afdf24e6eabccd1f16ad8/numba-0.65.1-cp311-cp311-macosx_12_0_arm64.whl", hash = "sha256:7020d74b19cdb8cff16506542fdd510756e28c5e7f3bd0b7f574f0f42272fcd9", size = 2680563, upload-time = "2026-04-24T02:02:18.414Z" },
    { url = "https://files.pythonhosted.org/packages/44/0b/0615dbedb98f5b32a35a53290fbdc6e22306968109278d7e58df82d7a9f6/numba-0.65.1-cp311-cp311-manylinux2014_x86_64.manylinux_2_17_x86_64.whl", hash = "sha256:f80ed83774b5173abd6581cd8d2165d1d38e13d2e5c8155c0c0b421784745420", size = 3745018, upload-time = "2026-04-24T02:02:20.252Z" },
    { url = "https://files.pythonhosted.org/packages/49/aa/4361698f35bf63bff67dfe6c90493731177f48ede954f77b0588731537bc/numba-0.65.1-cp311-cp311-manylinux_2_27_aarch64.manylinux_2_28_aarch64.whl", hash = "sha256:7ed425a43b0a5f9772f2f4e2dd0bbd12eabecae1af0b24efcfd4e053f012aac6", size = 3450962, upload-time = "2026-04-24T02:02:22.449Z" },
    { url = "https://files.pythonhosted.org/packages/bd/9a/af61ec03b3116c161fd7a06b9e8a265729a8718458333e8ffbb06d9a3978/numba-0.65.1-cp311-cp311-win_amd64.whl", hash = "sha256:df40a5028a975b9ea66f6a2a3f7abbdbd541a863070e34ed367aff21141248e4", size = 2747417, upload-time = "2026-04-24T02:02:24.43Z" },
    { url = "https://files.pythonhosted.org/packages/57/bc/76f8f8c5cf9adee47fdb7bbb03be8900f76f902d451d7477cf12b845e1de/numba-0.65.1-cp312-cp312-macosx_12_0_arm64.whl", hash = "sha256:ac3f1e77c352dd0ea9712732c2d8f9ca507717435eec5b5013bf138ac33c4a08", size = 2681371, upload-time = "2026-04-24T02:02:26.105Z" },
    { url = "https://files.pythonhosted.org/packages/69/47/a415af0283e4db0398104c6d1c11c9861a98dc67a7aa442a7769ed5d6196/numba-0.65.1-cp312-cp312-manylinux2014_x86_64.manylinux_2_17_x86_64.whl", hash = "sha256:52bc6f3ceb8fcaff9b2ae26b4c6b1e9fee39db8d355534c0fe4f39a901246b84", size = 3802467, upload-time = "2026-04-24T02:02:27.712Z" },
    { url = "https://files.pythonhosted.org/packages/46/36/246f73ec99cfeab2f2cb2ce7d4218766cc36a2da418901223f4f4da9c813/numba-0.65.1-cp312-cp312-manylinux_2_27_aarch64.manylinux_2_28_aarch64.whl", hash = "sha256:90ca10b3463bae0bd70589726fe3c77d01d6b5fc86bee54bcdf9fb6b47c28977", size = 3502628, upload-time = "2026-04-24T02:02:29.763Z" },
    { url = "https://files.pythonhosted.org/packages/db/9e/3c679b2ee078425b9e99a91e44f8d132a6830d8ccce5227bc5e9181aeed8/numba-0.65.1-cp312-cp312-win_amd64.whl", hash = "sha256:5971c632be2a2351500431f46213821dba8d02b18a9f7d02fd36bd2743e41a6a", size = 2750611, upload-time = "2026-04-24T02:02:31.477Z" },
    { url = "https://files.pythonhosted.org/packages/79/37/14a4579049c1eb673afd0de0cb4842982acd55b9ce2643e763db858bcea0/numba-0.65.1-cp313-cp313-macosx_12_0_arm64.whl", hash = "sha256:1735c15c1134a5108b4d6a5c77fc0947924ea066a738dc09a52008c13df9cad3", size = 2681344, upload-time = "2026-04-24T02:02:33.65Z" },
    { url = "https://files.pythonhosted.org/packages/a0/22/b8d873f6466b20aa563fc9b33acd48dec89a07803ddaa2f1c8ca1cd33126/numba-0.65.1-cp313-cp313-manylinux2014_x86_64.manylinux_2_17_x86_64.whl", hash = "sha256:c09f49117ef255e1f1c6dad0c7a1ed39868243862a73be5706793241a3755f1b", size = 3810619, upload-time = "2026-04-24T02:02:36.041Z" },
    { url = "https://files.pythonhosted.org/packages/62/08/e16a8b5d9a018962ebb5c66be662317cde32b9f5dab08441f90bed5522fb/numba-0.65.1-cp313-cp313-manylinux_2_27_aarch64.manylinux_2_28_aarch64.whl", hash = "sha256:594a8680b3fadac99e97e489b1fd89007177e5336713745c3b769528c635a464", size = 3509783, upload-time = "2026-04-24T02:02:38.245Z" },
    { url = "https://files.pythonhosted.org/packages/fd/a5/03c970d57f4c1741354837353ce39fb5206952ae1dba8922d29c86f64805/numba-0.65.1-cp313-cp313-win_amd64.whl", hash = "sha256:85be74c0d036842699a30058f82fb88fc5ffdc59f7615cab5792ea92914c9b62", size = 2750534, upload-time = "2026-04-24T02:02:39.903Z" },
    { url = "https://files.pythonhosted.org/packages/4f/2e/8aed9b726d9ba5f11ad287645fd479e88278db3060a25cb1225d730eb2b7/numba-0.65.1-cp314-cp314-macosx_12_0_arm64.whl", hash = "sha256:33f5eb68eb1c843511615d14663ce60258525d6a4c65ab040e2c2b0c4cf17450", size = 2681554, upload-time = "2026-04-24T02:02:41.812Z" },
    { url = "https://files.pythonhosted.org/packages/87/96/f3eb235fafa82a34e2ab5dd7dc9ffff998ebf5f0bbc23fa56a96aeb44da6/numba-0.65.1-cp314-cp314-manylinux2014_x86_64.manylinux_2_17_x86_64.whl", hash = "sha256:71e73029bf53a62cc6afcf96be4bd942290d8b4c55f0a454fb536158115790f7", size = 3779602, upload-time = "2026-04-24T02:02:43.726Z" },
    { url = "https://files.pythonhosted.org/packages/09/90/b0f09b48752d23640b8284f22aa597737e8adaddc7fbfacc4708b7f73a4c/numba-0.65.1-cp314-cp314-manylinux_2_27_aarch64.manylinux_2_28_aarch64.whl", hash = "sha256:3a07635e0be926b9bdbffb09137c230fb13f6ec0e564914ba937cee12ce3eb35", size = 3479532, upload-time = "2026-04-24T02:02:45.427Z" },
    { url = "https://files.pythonhosted.org/packages/56/46/3f7fc04fb853559e74b210e0b62c19974ec844cefec611f9e535f4da3761/numba-0.65.1-cp314-cp314-win_amd64.whl", hash = "sha256:2a20fcdabdefbdacf88d85caf70c3b18c4bcb7ebb8f82e6a19486383dd26ab63", size = 2752637, upload-time = "2026-04-24T02:02:47.664Z" },
    { url = "https://files.pythonhosted.org/packages/81/7b/c1a341a9067367778f4152a5f01061cf281fb09582c92c510ec4918cabf6/numba-0.65.1-cp314-cp314t-macosx_12_0_arm64.whl", hash = "sha256:548dd4b3a4508d5062768d1514b2cd7b015f9a25ec7af651c50dee243965e652", size = 2684600, upload-time = "2026-04-24T02:02:49.653Z" },
    { url = "https://files.pythonhosted.org/packages/03/36/98ddbcf3e4f04a6dd07e1c67249955920579ba4af6bb6868e3088f4ed282/numba-0.65.1-cp314-cp314t-manylinux2014_x86_64.manylinux_2_17_x86_64.whl", hash = "sha256:78abc28feff2c2ff8307fff3975b6438352759c9acb797ecd6b1fb6e7e39e31d", size = 3817198, upload-time = "2026-04-24T02:02:51.266Z" },
    { url = "https://files.pythonhosted.org/packages/a3/83/0dad21057ece5a835599f5d24099b091703995e23dbbf894f259e91c010b/numba-0.65.1-cp314-cp314t-manylinux_2_27_aarch64.manylinux_2_28_aarch64.whl", hash = "sha256:ee7676cb389555805f9b9a1840cbcd1ea6c8bd5376ab6918e3a29c5ea1dbda20", size = 3533862, upload-time = "2026-04-24T02:02:52.987Z" },
    { url = "https://files.pythonhosted.org/packages/32/36/8be7118ffd4c8440881046eac3d0982cc5ab42909508cf5d67024d62a2e4/numba-0.65.1-cp314-cp314t-win_amd64.whl", hash = "sha256:20609346e3bd75204950dcbbfe383a8d7dbf4902f442aedbf00f97fef4aa8f38", size = 2758237, upload-time = "2026-04-24T02:02:54.612Z" },
]

[[package]]
name = "numpy"
version = "2.4.6"
source = { registry = "https://pypi.org/simple" }
sdist = { url = "https://files.pythonhosted.org/packages/d0/ad/fed0499ce6a338d2a03ebae59cd15093910c8875328855781952abf6c2fe/numpy-2.4.6.tar.gz", hash = "sha256:f3a3570c4a2a16746ac2c31a7c7c7b0c186b95ce902e33db6f28094ed7387dda", size = 20735807, upload-time = "2026-05-18T23:37:14.07Z" }
wheels = [
    { url = "https://files.pythonhosted.org/packages/b3/49/ec46835a70be8fa6446c495126ac84fdb28cb2558e1620ffb87a10c8b64c/numpy-2.4.6-cp311-cp311-macosx_10_9_x86_64.whl", hash = "sha256:0280e0356c0829a18d9de1cb7eee50ec22ca639878d7240307ca0943d73cd2c4", size = 16969194, upload-time = "2026-05-18T23:33:13.503Z" },
    { url = "https://files.pythonhosted.org/packages/0e/0d/f5957185c0ee2f3e12f78715aa9e3b353fd83633316c8532b38faa37e3f6/numpy-2.4.6-cp311-cp311-macosx_11_0_arm64.whl", hash = "sha256:110f8b71aacb688ec69062bb7f6938a0f8acb01b7c1c4beb453c65b6d234584d", size = 14964111, upload-time = "2026-05-18T23:33:17.795Z" },
    { url = "https://files.pythonhosted.org/packages/ad/40/40a40ee0ddf7ceb782c49af278894b686e586d65d8c1889c8b5da01a3d7d/numpy-2.4.6-cp311-cp311-macosx_14_0_arm64.whl", hash = "sha256:4cfe66903cc32a9921a6733d96b19bb6abf310397581bbad89c228f5abaf0ee8", size = 5469159, upload-time = "2026-05-18T23:33:20.654Z" },
    { url = "https://files.pythonhosted.org/packages/63/13/f9a8046535cb21deae82f8d03de9617e08882d274fad2539630761888228/numpy-2.4.6-cp311-cp311-macosx_14_0_x86_64.whl", hash = "sha256:8155154c7c691289fe18f510b5d4657c68c67989f293f0535a91360392ff6538", size = 6798936, upload-time = "2026-05-18T23:33:22.987Z" },
    { url = "https://files.pythonhosted.org/packages/33/a8/6fa8c1a345a8c85dbb21932c447bee07c30a2c2a3f31e369c0a84b300147/numpy-2.4.6-cp311-cp311-manylinux_2_27_aarch64.manylinux_2_28_aarch64.whl", hash = "sha256:0ab0a9c4ffb1a6d95ef519fe4247dba8eb6b18ad93999f76b7f657039acabd47", size = 15966692, upload-time = "2026-05-18T23:33:26.62Z" },
    { url = "https://files.pythonhosted.org/packages/02/03/74fe2a4cb3817d94d86402f2506554130a2f01414e299b5a843e5a8a957f/numpy-2.4.6-cp311-cp311-manylinux_2_27_x86_64.manylinux_2_28_x86_64.whl", hash = "sha256:89cd468399cfd2504718f0ba50e410dca55a170b61a02ad92bb18c8a65186e93", size = 16918164, upload-time = "2026-05-18T23:33:29.955Z" },
    { url = "https://files.pythonhosted.org/packages/c5/80/3615be3313f7e7696609bc194b9f0101da809df79e859bdb84e0cd043f46/numpy-2.4.6-cp311-cp311-musllinux_1_2_aarch64.whl", hash = "sha256:c2d37ab77531417474168eb79d6d80b14f821a966818505d03013d0833edb7a8", size = 17322877, upload-time = "2026-05-18T23:33:34.724Z" },
    { url = "https://files.pythonhosted.org/packages/ca/ac/a691e0fe2675e370d0e08ff905adc49a1c8830e8cae03efe4477e92cd55d/numpy-2.4.6-cp311-cp311-musllinux_1_2_x86_64.whl", hash = "sha256:f407cb6b8e9d6d8c626bc73c945db1706035af8fd632295547bf1c9e46d092d6", size = 18651487, upload-time = "2026-05-18T23:33:38.217Z" },
    { url = "https://files.pythonhosted.org/packages/15/a7/9bc1cd626d7bf6869bfedf27b91b6ab5dd607758bf8e959d6fa80c6a59cb/numpy-2.4.6-cp311-cp311-win32.whl", hash = "sha256:ddea102b48f9e339f3948bf22040944184627a30fdf7f858667673b9c5f033c8", size = 6233945, upload-time = "2026-05-18T23:33:41.331Z" },
    { url = "https://files.pythonhosted.org/packages/c5/31/7fc6239c12bce7e931463251cca4426c465e1876ba3cc785402ef4dd8f4e/numpy-2.4.6-cp311-cp311-win_amd64.whl", hash = "sha256:1e254a00cdf42b1e4d5b3d68d33af63268d41340d8885df2ab6470f2e1500147", size = 12608406, upload-time = "2026-05-18T23:33:44.131Z" },
    { url = "https://files.pythonhosted.org/packages/27/83/140f85a466595a16382996a1bf06b2b54bcd597488921b0c9daaeeda72af/numpy-2.4.6-cp311-cp311-win_arm64.whl", hash = "sha256:ed9749eef4cbd126da3dc1d6bcb3a57f5eb7ac6a6484146bdbf743f552dfc577", size = 10479528, upload-time = "2026-05-18T23:33:50.725Z" },
    { url = "https://files.pythonhosted.org/packages/95/2a/3d7b5ac8aac24feaf9ad7ed58f45b0bbc06d37e4338ae84c9f2298b570f9/numpy-2.4.6-cp312-cp312-macosx_10_13_x86_64.whl", hash = "sha256:001fbb8e08d942dd57599e781f2472269ee7f2755fae407b4f67b2f0b17da3f1", size = 16689119, upload-time = "2026-05-18T23:33:54.065Z" },
    { url = "https://files.pythonhosted.org/packages/ea/12/92c4c131527599e8288d6918e888d88726f84d805d784b771f32408aeaef/numpy-2.4.6-cp312-cp312-macosx_11_0_arm64.whl", hash = "sha256:ebfb099f8dcf083deef3ac1ca4c1503f387cf76296fcb3816b66f5ecb5f54fdb", size = 14699246, upload-time = "2026-05-18T23:33:57.621Z" },
    { url = "https://files.pythonhosted.org/packages/ad/fe/c0a6b7b2ca128a8fb228575147073b660656734b8ebe4d76c8fd748dcc79/numpy-2.4.6-cp312-cp312-macosx_14_0_arm64.whl", hash = "sha256:3213d622a0283a39a93d188f3cf72b26862df52fbb4ca3697f51705016523d41", size = 5204410, upload-time = "2026-05-18T23:34:00.302Z" },
    { url = "https://files.pythonhosted.org/packages/f3/d4/9770d14ba719432bb90a421bfd443872ed0f70f7264b64bec12ea363d5fd/numpy-2.4.6-cp312-cp312-macosx_14_0_x86_64.whl", hash = "sha256:357cc07a6d7b0b182ff02249616a03742827ebb1277546b5c7cd7f7620a45698", size = 6551240, upload-time = "2026-05-18T23:34:02.852Z" },
    { url = "https://files.pythonhosted.org/packages/c9/c6/50a46a6205feba2343f1d6d17438107c5dc491ed1c736e6ea68689fd906b/numpy-2.4.6-cp312-cp312-manylinux_2_27_aarch64.manylinux_2_28_aarch64.whl", hash = "sha256:5f9fb9157b4ce2971008323afe46053787b526ef624fea915b261468a8421a0f", size = 15671012, upload-time = "2026-05-18T23:34:05.485Z" },
    { url = "https://files.pythonhosted.org/packages/99/60/14115e6364fa676c5397c2ad3004e527e9aa487abf5d0706ec81bbd08529/numpy-2.4.6-cp312-cp312-manylinux_2_27_x86_64.manylinux_2_28_x86_64.whl", hash = "sha256:90f9849678c75fe7afa2d348ac842c168b0a4d3d61919687216dfc547976d853", size = 16645538, upload-time = "2026-05-18T23:34:09.265Z" },
    { url = "https://files.pythonhosted.org/packages/ae/c5/693cbe59e57db94d2231fa519ca3978dc9e19da5a8f088588f5c6e947ff2/numpy-2.4.6-cp312-cp312-musllinux_1_2_aarch64.whl", hash = "sha256:c1a2af6c6ef86344a6b0db6b97834208bf598db514f2b155042439b62605601a", size = 17020706, upload-time = "2026-05-18T23:34:13.053Z" },
    { url = "https://files.pythonhosted.org/packages/ef/fc/85b7c4eff9b4966ade25c2273cf7e7012e92366c032058653934b37de044/numpy-2.4.6-cp312-cp312-musllinux_1_2_x86_64.whl", hash = "sha256:e5805d5a22fd19c8ccff10a9561f9df94436b0545619ea579db2d3c35294bce2", size = 18368541, upload-time = "2026-05-18T23:34:17.024Z" },
    { url = "https://files.pythonhosted.org/packages/f6/81/e1b27545deedce7f4a0b348618c6b62d74e36a4dc9ccd42f3eb2f85eee32/numpy-2.4.6-cp312-cp312-win32.whl", hash = "sha256:e3eeb0aabd6bd5ce64faae67e9935203a6991b4bc2a485a767fbafb2c5125f45", size = 5962825, upload-time = "2026-05-18T23:34:20.3Z" },
    { url = "https://files.pythonhosted.org/packages/ab/ca/feab00bd44aa5fe1ad2c18f08b4d3bb92e26484b0b1d1443897809ed528c/numpy-2.4.6-cp312-cp312-win_amd64.whl", hash = "sha256:d8e8286dd7cea7895157318d1b91cdacac64c479f3cbc8dce548331728484751", size = 12321687, upload-time = "2026-05-18T23:34:23.095Z" },
    { url = "https://files.pythonhosted.org/packages/63/cf/5a6d34850a39d1093558564f77ee8e8e0bee5061151b8f05a55711001ec7/numpy-2.4.6-cp312-cp312-win_arm64.whl", hash = "sha256:4081eb135ac24158bd51cdfbef16f1c64df7063b1143f24731387137c092bec8", size = 10221482, upload-time = "2026-05-18T23:34:25.876Z" },
    { url = "https://files.pythonhosted.org/packages/fb/82/bdab26d7438c6791ca31b7c024ca37c1eab8b726ba236129005cd4a06e45/numpy-2.4.6-cp313-cp313-macosx_10_13_x86_64.whl", hash = "sha256:511dbaf848decaaaf4b4ca48032619fb3138710c4bf7da7617765edad1ef96b0", size = 16684648, upload-time = "2026-05-18T23:34:29.41Z" },
    { url = "https://files.pythonhosted.org/packages/1b/30/a80189bcc7f5e4258b3fbc3968d909d1756f54d023299ecc39ad6fdb9ef8/numpy-2.4.6-cp313-cp313-macosx_11_0_arm64.whl", hash = "sha256:bf162abab1c1a736333192707cef898e735a5ca00f38f27eeedf44b39d9e85eb", size = 14693902, upload-time = "2026-05-18T23:34:33.013Z" },
    { url = "https://files.pythonhosted.org/packages/97/12/70b5d0d7c15e1ebb8a6a84a8caa1d19e181d84fb58bb6d70aca29099dec1/numpy-2.4.6-cp313-cp313-macosx_14_0_arm64.whl", hash = "sha256:043191bfa8eab18c776647b62723ac9dddece59743b13f49b2016094129c2b3f", size = 5198992, upload-time = "2026-05-18T23:34:36.132Z" },
    { url = "https://files.pythonhosted.org/packages/ba/8c/ebd2a8f8a83541f8d38cc5667e8c2b69cecfd30da6e45693e8158857d44b/numpy-2.4.6-cp313-cp313-macosx_14_0_x86_64.whl", hash = "sha256:6180d8b35af935aed8ece3a85e0a43f87393ae0ac87c8d2c8bd2c993f7270ef3", size = 6546944, upload-time = "2026-05-18T23:34:38.484Z" },
    { url = "https://files.pythonhosted.org/packages/bb/c5/7b863a97a91671a0338f4253bd3b5a3d3852f0692dae91711c9f4a10e787/numpy-2.4.6-cp313-cp313-manylinux_2_27_aarch64.manylinux_2_28_aarch64.whl", hash = "sha256:72fbe16c6fac95aedf5937fa873445cec2110be35d8a4e9433d7501fd98dae6b", size = 15669392, upload-time = "2026-05-18T23:34:41.257Z" },
    { url = "https://files.pythonhosted.org/packages/a5/9d/3584b9984ca4c047aea75214ce1a4c4c73d849bd71b604264b7f5653f8a8/numpy-2.4.6-cp313-cp313-manylinux_2_27_x86_64.manylinux_2_28_x86_64.whl", hash = "sha256:a7830bab239b79cda9c08c2da014761cafb48da6150e1da17ac06283f43b6089", size = 16633220, upload-time = "2026-05-18T23:34:45.075Z" },
    { url = "https://files.pythonhosted.org/packages/05/ae/7c67fba23bd98caec7c99261f3a16072ade14813486b0282cb29846de832/numpy-2.4.6-cp313-cp313-musllinux_1_2_aarch64.whl", hash = "sha256:ef4aea96ce4d3b074422cb4f2f64e216bf9e213004bb58ecfdf50ea02ea8eb9a", size = 17020800, upload-time = "2026-05-18T23:34:49.065Z" },
    { url = "https://files.pythonhosted.org/packages/d9/5d/3b6725cb31d983c5e66916f5d36f6d7e5521129e4c4404d64f918292a5b6/numpy-2.4.6-cp313-cp313-musllinux_1_2_x86_64.whl", hash = "sha256:dfa20cc6ca228e6b155b11da03825975ce66aea520985dbbddf0f2a5a495c605", size = 18357600, upload-time = "2026-05-18T23:34:52.709Z" },
    { url = "https://files.pythonhosted.org/packages/f7/da/2ccc6c2fe8898dee01d90c75c5f5f914a23daf99e3e0f59516a08760c8b5/numpy-2.4.6-cp313-cp313-win32.whl", hash = "sha256:56b39e5e0622a09a25bf5baf62f4bcf0cb8a41ae6e2819cf49bbc5a74c083f91", size = 5961134, upload-time = "2026-05-18T23:34:55.618Z" },
    { url = "https://files.pythonhosted.org/packages/b5/cd/9cc4dc876fb065d5c220aae4d5e14826b2715331bb7618ce1fb07a679d99/numpy-2.4.6-cp313-cp313-win_amd64.whl", hash = "sha256:c4fc99836233ea196540b17ab0983aff60ed07941751930f5f4d05bc3b3b7359", size = 12318598, upload-time = "2026-05-18T23:34:58.928Z" },
    { url = "https://files.pythonhosted.org/packages/39/1e/c0bcba1f8694116485fe28fd1be698c278fcda4141c5b0e53a2aed8b12a8/numpy-2.4.6-cp313-cp313-win_arm64.whl", hash = "sha256:a7c711e21628b52034bb5ab8d1bce291f752fcc5e92accc615778acee1ff4778", size = 10222272, upload-time = "2026-05-18T23:35:02.167Z" },
    { url = "https://files.pythonhosted.org/packages/63/6d/cc5619247c8f4204e507f5883528372e4ac4bb189e579fb859a12e480b1f/numpy-2.4.6-cp313-cp313t-macosx_11_0_arm64.whl", hash = "sha256:112b06a867b235ef466ed3508ddf0238050df9c727cafb5301ac385b899189a1", size = 14821197, upload-time = "2026-05-18T23:35:05.468Z" },
    { url = "https://files.pythonhosted.org/packages/00/58/f1c39161c87d9e9bed660f1ed4bafc0e403d5ec9650b6dd77aead07d489b/numpy-2.4.6-cp313-cp313t-macosx_14_0_arm64.whl", hash = "sha256:eaf7fa2de5c0be8ae6ff8e9bea2ccd725e980541244521d8d4b5f3354a27babe", size = 5326287, upload-time = "2026-05-18T23:35:08.693Z" },
    { url = "https://files.pythonhosted.org/packages/af/57/3917ab0fd97f271a8694513581b8a36c655f111c446852c302f04ccdb6fc/numpy-2.4.6-cp313-cp313t-macosx_14_0_x86_64.whl", hash = "sha256:7265a2f3d436e54ef9f2b52b5c937e6be778781bd97a590319d7348f1c1ca997", size = 6646763, upload-time = "2026-05-18T23:35:11.459Z" },
    { url = "https://files.pythonhosted.org/packages/eb/0f/037e64c494b67581ae18193d770adef354c41f3f2c8ebf865602d949bf8f/numpy-2.4.6-cp313-cp313t-manylinux_2_27_aarch64.manylinux_2_28_aarch64.whl", hash = "sha256:f74a575920ab21fe304421a3fc28793d82e299cae9eccb37084e9fc7f3617c20", size = 15728070, upload-time = "2026-05-18T23:35:14.79Z" },
    { url = "https://files.pythonhosted.org/packages/21/a6/5d2bae9c9542eb4df16dc9c46dc79c186e9bad53805dfa5399a6023c6db0/numpy-2.4.6-cp313-cp313t-manylinux_2_27_x86_64.manylinux_2_28_x86_64.whl", hash = "sha256:ede83e07a75dd06bc501566c1eca2afc0d61677c1472ac9ad93fdee6e638a48d", size = 16681752, upload-time = "2026-05-18T23:35:18.836Z" },
    { url = "https://files.pythonhosted.org/packages/92/14/23d1dfb410ae362cd59ce53e936b1513d545eb40db3949ced632e19a459e/numpy-2.4.6-cp313-cp313t-musllinux_1_2_aarch64.whl", hash = "sha256:68bb27509ac1b9a3443094260f6326150663b06abe40b73a2f81160623da5b67", size = 17086024, upload-time = "2026-05-18T23:35:22.52Z" },
    { url = "https://files.pythonhosted.org/packages/4b/6e/23595a2c642cdf3bc567877064bdd7f91c8b0038a4453cf2daf7248eafe9/numpy-2.4.6-cp313-cp313t-musllinux_1_2_x86_64.whl", hash = "sha256:a0df0043bdb289bde1f62da130d20df23d58b45429f752bc7a8fc5325a225ecd", size = 18403398, upload-time = "2026-05-18T23:35:26.398Z" },
    { url = "https://files.pythonhosted.org/packages/8a/90/0ac3bc947217e66dec77e7cbc6a1979d1af70b6461b82f620d3bccd5e4c8/numpy-2.4.6-cp313-cp313t-win32.whl", hash = "sha256:29a287e0cf63ff528da061de6b9f64a4618da591ca1046aafc54062e40ca7eab", size = 6084971, upload-time = "2026-05-18T23:35:29.387Z" },
    { url = "https://files.pythonhosted.org/packages/77/71/5673e351671a1d2bd6063b91b44f70c0affea7d1516fa7a6572941ba4aa1/numpy-2.4.6-cp313-cp313t-win_amd64.whl", hash = "sha256:25c692919ac5a01f170a3bfcd62d745b24fd095c353d50812637d6fcab442e75", size = 12458532, upload-time = "2026-05-18T23:35:32.175Z" },
    { url = "https://files.pythonhosted.org/packages/3f/88/19d3503c5046e688f049274b27a3ef3d771152fa80d3ba3d01a3dff61abe/numpy-2.4.6-cp313-cp313t-win_arm64.whl", hash = "sha256:1e978ec1e8bd0e0e4de6bb75de9d30cbb74db6b6a2bb727618613703ca0167dd", size = 10291881, upload-time = "2026-05-18T23:35:35.465Z" },
    { url = "https://files.pythonhosted.org/packages/f8/91/3ab2044d05fd16d343c5ac2e69b127f1b2854040dd20b193257c78028bd3/numpy-2.4.6-cp314-cp314-macosx_10_15_x86_64.whl", hash = "sha256:06ca2f61ec4385a07a6977c55ba998a4466c123642b4a32694d3128fce18c079", size = 16683458, upload-time = "2026-05-18T23:35:38.353Z" },
    { url = "https://files.pythonhosted.org/packages/8e/62/764ce66fa4147ae6d73071a3abf804ffe606f174618697c571acdf26a7c9/numpy-2.4.6-cp314-cp314-macosx_11_0_arm64.whl", hash = "sha256:38efbc8de75c7a0fc1ac190162d892787f3f47b57cc291231aafee36b80982b7", size = 14704559, upload-time = "2026-05-18T23:35:42.14Z" },
    { url = "https://files.pythonhosted.org/packages/60/61/23f27c172f022e04025b7dc2367f4d63c1a398120607ec896228649a6f48/numpy-2.4.6-cp314-cp314-macosx_14_0_arm64.whl", hash = "sha256:d581b735e177fdcdce6fed8e7e8880a3fb6ee4e3653a3ac6af01c6f4c03effc5", size = 5209716, upload-time = "2026-05-18T23:35:45.377Z" },
    { url = "https://files.pythonhosted.org/packages/03/71/21cf70dc6ea3e3acb95fc53a265b2fc248b981f0194ceb5b475271b8809d/numpy-2.4.6-cp314-cp314-macosx_14_0_x86_64.whl", hash = "sha256:0a041d3d761dc3c35cc56ce0351506a02bcbc25f7b169f652435141a17db9096", size = 6543947, upload-time = "2026-05-18T23:35:47.926Z" },
    { url = "https://files.pythonhosted.org/packages/d5/91/64288395ee1799bd2e0b04a305dce9666da90c961e1f3fe982a05ee1c036/numpy-2.4.6-cp314-cp314-manylinux_2_27_aarch64.manylinux_2_28_aarch64.whl", hash = "sha256:40fdc1ae7125e518ea98e53e69a4ebc27e1fd50510c47b7ea130cf21e5e1d42b", size = 15685197, upload-time = "2026-05-18T23:35:50.863Z" },
    { url = "https://files.pythonhosted.org/packages/f3/eb/ebffaa97dc55502df69584a8f0dcf07f69a3e0b3e2323670a2722db9aa39/numpy-2.4.6-cp314-cp314-manylinux_2_27_x86_64.manylinux_2_28_x86_64.whl", hash = "sha256:a2c306dea656c12c68f51f4cea133cbe78ca7435eb28c735eac1d3ebe73be6e8", size = 16638245, upload-time = "2026-05-18T23:35:54.752Z" },
    { url = "https://files.pythonhosted.org/packages/b8/0b/54f9da33128d7e350fab89c7455902eeae70349ee52bddb448dc4a576f45/numpy-2.4.6-cp314-cp314-musllinux_1_2_aarch64.whl", hash = "sha256:33111801a01c12a8a1e3721f0a9232f8cfc8ae2c6b7098167e6f623c6073f402", size = 17036587, upload-time = "2026-05-18T23:35:58.355Z" },
    { url = "https://files.pythonhosted.org/packages/b6/f0/fdebc1052db1cc37c64beb22072d67cd6d1c71adca1299f53dec2b5e20d3/numpy-2.4.6-cp314-cp314-musllinux_1_2_x86_64.whl", hash = "sha256:ae506e6902902557576a26ff33eda8695e7ecb3cb36c3b573a0765dee114ebdb", size = 18363226, upload-time = "2026-05-18T23:36:02.845Z" },
    { url = "https://files.pythonhosted.org/packages/aa/b4/298628d98c72b57e57f7165ae6a481a1deaf6f3c28262a6e4c739c275930/numpy-2.4.6-cp314-cp314-win32.whl", hash = "sha256:aaf159caa35993cb1f56fb9b8e4610d35758e7ca005412eb1daa856a78c9c4b1", size = 6010196, upload-time = "2026-05-18T23:36:05.92Z" },
    { url = "https://files.pythonhosted.org/packages/df/ac/46de6dda46478f7942f839e094970be2d4a861e005c4b3bf07c92e291a09/numpy-2.4.6-cp314-cp314-win_amd64.whl", hash = "sha256:b507f5c4c1d508876d1819b6bf9a49d365b96320b5d4993426b33a23ca4b8261", size = 12450334, upload-time = "2026-05-18T23:36:09.107Z" },
    { url = "https://files.pythonhosted.org/packages/78/92/b8b798ac784102c0da830d2257d59358e3d3d90d1e2b3f2575dad976c5cf/numpy-2.4.6-cp314-cp314-win_arm64.whl", hash = "sha256:6f41ae150c4e32db4f3310cdaf64b1593a03dbabe29eec77fc9b50fe64061df6", size = 10495678, upload-time = "2026-05-18T23:36:12.766Z" },
    { url = "https://files.pythonhosted.org/packages/30/34/ec28d1aa8115971537c01469ab2011ee96827930f0a124de1000cc2a7ed7/numpy-2.4.6-cp314-cp314t-macosx_11_0_arm64.whl", hash = "sha256:ece3d2cfe132e7d51f44a832b303895e6f2d499c5e74dfbdb06ee246147a304a", size = 14823672, upload-time = "2026-05-18T23:36:16.473Z" },
    { url = "https://files.pythonhosted.org/packages/16/bd/f6d1fede4e54e8042a7ff97bb495510f3c220f94bcd9e8b228e87c92cc0d/numpy-2.4.6-cp314-cp314t-macosx_14_0_arm64.whl", hash = "sha256:e3e5193ef5a3dc73bceee50f7fdc2c90dbb76c42df8d8fae3d1067a583df579e", size = 5328731, upload-time = "2026-05-18T23:36:19.767Z" },
    { url = "https://files.pythonhosted.org/packages/f4/f0/e105b9e2fd728a9910103884decd6951d9dd73896b914a98d9a231de02ee/numpy-2.4.6-cp314-cp314t-macosx_14_0_x86_64.whl", hash = "sha256:17f9ade344e7d9b464a084d69bcf18fc691cb1db67c62ed80820bf4926d78f0e", size = 6649805, upload-time = "2026-05-18T23:36:22.266Z" },
    { url = "https://files.pythonhosted.org/packages/82/dd/1206a7ca6ab15e3f02069707ca96222e202af681bb73756da7527f3cb837/numpy-2.4.6-cp314-cp314t-manylinux_2_27_aarch64.manylinux_2_28_aarch64.whl", hash = "sha256:9cd5ffd25db4e7ba6a375693b3fc0fc1791ec636c17db3720da19bde7180ec43", size = 15730496, upload-time = "2026-05-18T23:36:25.713Z" },
    { url = "https://files.pythonhosted.org/packages/51/e7/38d3ea825dcab85a591734decb2f6c67caa7c8367d374df1a1c3842f9b07/numpy-2.4.6-cp314-cp314t-manylinux_2_27_x86_64.manylinux_2_28_x86_64.whl", hash = "sha256:7d92c3819208a60205a12a245c91ad70cb0a85336659b19b834205573ac8456e", size = 16679616, upload-time = "2026-05-18T23:36:29.652Z" },
    { url = "https://files.pythonhosted.org/packages/93/b7/caabfdf53edf663e0b4eb74d7d405d83baef09eb5e83bcd32d601d72b93e/numpy-2.4.6-cp314-cp314t-musllinux_1_2_aarch64.whl", hash = "sha256:e85b752a1e912b70eaad4fafbd4d1238007ab221de2009b9a2f5ae7461239895", size = 17085145, upload-time = "2026-05-18T23:36:33.449Z" },
    { url = "https://files.pythonhosted.org/packages/f9/45/68d7c33a6bcf3e5aa3bdbd57a367e6f615286dfd6482f97e8ffeb734306e/numpy-2.4.6-cp314-cp314t-musllinux_1_2_x86_64.whl", hash = "sha256:29cb7f67d10b479ff07c17d33e39f78c07f71c40ef30d63c153d340e96cd3fb4", size = 18403813, upload-time = "2026-05-18T23:36:37.369Z" },
    { url = "https://files.pythonhosted.org/packages/9c/50/0753655aa844c99cd9e018aacf76f130f1bd81d881bb74bc0aef5d73a8ba/numpy-2.4.6-cp314-cp314t-win32.whl", hash = "sha256:260a5d70215b61ab4fadf5c7baacd64821842975eea312125ed3c39a6391b063", size = 6156982, upload-time = "2026-05-18T23:36:40.817Z" },
    { url = "https://files.pythonhosted.org/packages/b2/d4/7c67becf668f973cb490cec3e98dfd799d866f9c989a54d355672cfa0db6/numpy-2.4.6-cp314-cp314t-win_amd64.whl", hash = "sha256:81a1cca95ed5bb92aa8b10dd2cdc9a0d3853a50fad926c28b5d7e8ea54389627", size = 12638908, upload-time = "2026-05-18T23:36:43.996Z" },
    { url = "https://files.pythonhosted.org/packages/43/bb/e1c71a4295b1b1d1393d50dbb4f2a36283c6859d9d3892e84f00ec5a91d5/numpy-2.4.6-cp314-cp314t-win_arm64.whl", hash = "sha256:0c9136e14ed34a9e343a31c533d78a9813a69a3148332bce5e9821cb2f996e66", size = 10565867, upload-time = "2026-05-18T23:36:47.114Z" },
    { url = "https://files.pythonhosted.org/packages/de/12/b422cc84439adc0d00de605bf4a308890ae5c26f2c71fbd73e5d08fbb0dd/numpy-2.4.6-pp311-pypy311_pp73-macosx_10_15_x86_64.whl", hash = "sha256:55cced7c52e981362f708ad635198e97a752dfba412cc03c23bbf3bd8d5cd662", size = 16847511, upload-time = "2026-05-18T23:36:50.673Z" },
    { url = "https://files.pythonhosted.org/packages/44/53/f481bef68011740f8849418d82db07230e825013f31f4eef5ba5b805316a/numpy-2.4.6-pp311-pypy311_pp73-macosx_11_0_arm64.whl", hash = "sha256:d6da64deb6b8ed903e7560180a92f2d804ee1ba5eeb849ac2748b8c1aba1f6d7", size = 14889064, upload-time = "2026-05-18T23:36:53.879Z" },
    { url = "https://files.pythonhosted.org/packages/7f/57/42ed575c10ced8af951d426bc4e1f8aff16fd851db33f067036215a7f860/numpy-2.4.6-pp311-pypy311_pp73-macosx_14_0_arm64.whl", hash = "sha256:68a5124b13fa6cc2086764a20005d30bc0548146f7f5322f02fce212ca14317f", size = 5394157, upload-time = "2026-05-18T23:36:57.194Z" },
    { url = "https://files.pythonhosted.org/packages/6a/ef/f66cc724fcc36c1e364c67f51ae9146090b8b584f27d58b97fdae3edd737/numpy-2.4.6-pp311-pypy311_pp73-macosx_14_0_x86_64.whl", hash = "sha256:948424b06129ce883307e8cff868c31396d8dc7630a59c61d70d98dbe70f222c", size = 6708728, upload-time = "2026-05-18T23:36:59.575Z" },
    { url = "https://files.pythonhosted.org/packages/1a/9c/c531f2293b91265d8b48e9b329f54fdd7ffae73cb4134ea10cca4237e9cc/numpy-2.4.6-pp311-pypy311_pp73-manylinux_2_27_aarch64.manylinux_2_28_aarch64.whl", hash = "sha256:5dbbdb29840ca3d91ee0fece42fc29278886d908280bfec0a5846c6f901a3eb0", size = 15798374, upload-time = "2026-05-18T23:37:02.674Z" },
    { url = "https://files.pythonhosted.org/packages/1a/b0/413077f6b1153ed3cba361401c6783bbad6114804a000cc22eb71c13e190/numpy-2.4.6-pp311-pypy311_pp73-manylinux_2_27_x86_64.manylinux_2_28_x86_64.whl", hash = "sha256:8ad03c0965fb3c692200e74d458ca28c1dbb4ce96f9a479a8aa041ad5fabca02", size = 16747286, upload-time = "2026-05-18T23:37:06.327Z" },
    { url = "https://files.pythonhosted.org/packages/15/ce/e5ec180bc41812edcd8daeb8639d205622c0e8c02259d8ab25a0201b3c2a/numpy-2.4.6-pp311-pypy311_pp73-win_amd64.whl", hash = "sha256:2803abfebfc990042cd494d8ce2d5f82e9d847af6d35ec486923aa19dbad5e73", size = 12504263, upload-time = "2026-05-18T23:37:09.715Z" },
]
